// !$*UTF8*$!
{
	archiveVersion = 1;
	classes = {
	};
	objectVersion = 46;
	objects = {

/* Begin PBXBuildFile section */
		EB1F9418192633E500A1D775 /* ipad_interface.storyboard in Resources */ = {isa = PBXBuildFile; fileRef = EB1F9417192633E500A1D775 /* ipad_interface.storyboard */; };
		EB48170619251AB9007C0410 /* InformationLabel.m in Sources */ = {isa = PBXBuildFile; fileRef = EB48170519251AB9007C0410 /* InformationLabel.m */; };
		EB790EB31920DB64004E6FB2 /* SalesViewController.m in Sources */ = {isa = PBXBuildFile; fileRef = EB790EB21920DB64004E6FB2 /* SalesViewController.m */; };
		EB790EB61920DB6E004E6FB2 /* CategoryViewController.m in Sources */ = {isa = PBXBuildFile; fileRef = EB790EB51920DB6E004E6FB2 /* CategoryViewController.m */; };
		EB790EB9192106C5004E6FB2 /* DivisionalSalesModel.m in Sources */ = {isa = PBXBuildFile; fileRef = EB790EB8192106C5004E6FB2 /* DivisionalSalesModel.m */; };
		EB790EBC19210BE8004E6FB2 /* DivisionalData.m in Sources */ = {isa = PBXBuildFile; fileRef = EB790EBB19210BE8004E6FB2 /* DivisionalData.m */; };
		EBA5CB3C191BBE5B00CC7382 /* Foundation.framework in Frameworks */ = {isa = PBXBuildFile; fileRef = EBA5CB3B191BBE5B00CC7382 /* Foundation.framework */; };
		EBA5CB3E191BBE5B00CC7382 /* CoreGraphics.framework in Frameworks */ = {isa = PBXBuildFile; fileRef = EBA5CB3D191BBE5B00CC7382 /* CoreGraphics.framework */; };
		EBA5CB40191BBE5B00CC7382 /* UIKit.framework in Frameworks */ = {isa = PBXBuildFile; fileRef = EBA5CB3F191BBE5B00CC7382 /* UIKit.framework */; };
		EBA5CB46191BBE5B00CC7382 /* InfoPlist.strings in Resources */ = {isa = PBXBuildFile; fileRef = EBA5CB44191BBE5B00CC7382 /* InfoPlist.strings */; };
		EBA5CB48191BBE5B00CC7382 /* main.m in Sources */ = {isa = PBXBuildFile; fileRef = EBA5CB47191BBE5B00CC7382 /* main.m */; };
		EBA5CB4C191BBE5B00CC7382 /* AppDelegate.m in Sources */ = {isa = PBXBuildFile; fileRef = EBA5CB4B191BBE5B00CC7382 /* AppDelegate.m */; };
		EBA5CB4E191BBE5B00CC7382 /* Images.xcassets in Resources */ = {isa = PBXBuildFile; fileRef = EBA5CB4D191BBE5B00CC7382 /* Images.xcassets */; };
		EBA5CB55191BBE5B00CC7382 /* XCTest.framework in Frameworks */ = {isa = PBXBuildFile; fileRef = EBA5CB54191BBE5B00CC7382 /* XCTest.framework */; };
		EBA5CB56191BBE5B00CC7382 /* Foundation.framework in Frameworks */ = {isa = PBXBuildFile; fileRef = EBA5CB3B191BBE5B00CC7382 /* Foundation.framework */; };
		EBA5CB57191BBE5B00CC7382 /* UIKit.framework in Frameworks */ = {isa = PBXBuildFile; fileRef = EBA5CB3F191BBE5B00CC7382 /* UIKit.framework */; };
		EBA5CB5F191BBE5B00CC7382 /* InfoPlist.strings in Resources */ = {isa = PBXBuildFile; fileRef = EBA5CB5D191BBE5B00CC7382 /* InfoPlist.strings */; };
		EBA5CB61191BBE5B00CC7382 /* NexusSalesTests.m in Sources */ = {isa = PBXBuildFile; fileRef = EBA5CB60191BBE5B00CC7382 /* NexusSalesTests.m */; };
		EBA5CB70191BBF6600CC7382 /* iphone_interface.storyboard in Resources */ = {isa = PBXBuildFile; fileRef = EBA5CB6F191BBF6600CC7382 /* iphone_interface.storyboard */; };
		EBA5CB73191BDC6F00CC7382 /* SplashViewController.m in Sources */ = {isa = PBXBuildFile; fileRef = EBA5CB72191BDC6F00CC7382 /* SplashViewController.m */; };
		EBA5F1D01923AAAF00E875B5 /* JBBarChartView.m in Sources */ = {isa = PBXBuildFile; fileRef = EBA5F1CB1923AAAF00E875B5 /* JBBarChartView.m */; };
		EBA5F1D11923AAAF00E875B5 /* JBChartView.m in Sources */ = {isa = PBXBuildFile; fileRef = EBA5F1CD1923AAAF00E875B5 /* JBChartView.m */; };
		EBA5F1D21923AAAF00E875B5 /* JBLineChartView.m in Sources */ = {isa = PBXBuildFile; fileRef = EBA5F1CF1923AAAF00E875B5 /* JBLineChartView.m */; };
		EBA5F1D61923C23300E875B5 /* ChartTooltip.m in Sources */ = {isa = PBXBuildFile; fileRef = EBA5F1D51923C23300E875B5 /* ChartTooltip.m */; };
		EBA5F1D91923C4DA00E875B5 /* ChartTooltipLabel.m in Sources */ = {isa = PBXBuildFile; fileRef = EBA5F1D81923C4DA00E875B5 /* ChartTooltipLabel.m */; };
		EBCB7572192390B10042230D /* SalesDetailViewController.m in Sources */ = {isa = PBXBuildFile; fileRef = EBCB7571192390B10042230D /* SalesDetailViewController.m */; };
		EBED688E19224D5000BA140C /* CategorySalesModel.m in Sources */ = {isa = PBXBuildFile; fileRef = EBED688D19224D5000BA140C /* CategorySalesModel.m */; };
		EBED68911922590000BA140C /* CategoryData.m in Sources */ = {isa = PBXBuildFile; fileRef = EBED68901922590000BA140C /* CategoryData.m */; };
		EBED68971922673100BA140C /* DivisionalSalesCell.m in Sources */ = {isa = PBXBuildFile; fileRef = EBED68951922673100BA140C /* DivisionalSalesCell.m */; };
		EBED68981922673100BA140C /* DivisionalSalesCell.xib in Resources */ = {isa = PBXBuildFile; fileRef = EBED68961922673100BA140C /* DivisionalSalesCell.xib */; };
/* End PBXBuildFile section */

/* Begin PBXContainerItemProxy section */
		EBA5CB58191BBE5B00CC7382 /* PBXContainerItemProxy */ = {
			isa = PBXContainerItemProxy;
			containerPortal = EBA5CB30191BBE5B00CC7382 /* Project object */;
			proxyType = 1;
			remoteGlobalIDString = EBA5CB37191BBE5B00CC7382;
			remoteInfo = NexusSales;
		};
/* End PBXContainerItemProxy section */

/* Begin PBXFileReference section */
		EB1F9417192633E500A1D775 /* ipad_interface.storyboard */ = {isa = PBXFileReference; fileEncoding = 4; lastKnownFileType = file.storyboard; path = ipad_interface.storyboard; sourceTree = "<group>"; };
		EB48170419251AB9007C0410 /* InformationLabel.h */ = {isa = PBXFileReference; fileEncoding = 4; lastKnownFileType = sourcecode.c.h; path = InformationLabel.h; sourceTree = "<group>"; };
		EB48170519251AB9007C0410 /* InformationLabel.m */ = {isa = PBXFileReference; fileEncoding = 4; lastKnownFileType = sourcecode.c.objc; path = InformationLabel.m; sourceTree = "<group>"; };
		EB790EB11920DB64004E6FB2 /* SalesViewController.h */ = {isa = PBXFileReference; fileEncoding = 4; lastKnownFileType = sourcecode.c.h; path = SalesViewController.h; sourceTree = "<group>"; };
		EB790EB21920DB64004E6FB2 /* SalesViewController.m */ = {isa = PBXFileReference; fileEncoding = 4; lastKnownFileType = sourcecode.c.objc; path = SalesViewController.m; sourceTree = "<group>"; };
		EB790EB41920DB6E004E6FB2 /* CategoryViewController.h */ = {isa = PBXFileReference; fileEncoding = 4; lastKnownFileType = sourcecode.c.h; path = CategoryViewController.h; sourceTree = "<group>"; };
		EB790EB51920DB6E004E6FB2 /* CategoryViewController.m */ = {isa = PBXFileReference; fileEncoding = 4; lastKnownFileType = sourcecode.c.objc; path = CategoryViewController.m; sourceTree = "<group>"; };
		EB790EB7192106C5004E6FB2 /* DivisionalSalesModel.h */ = {isa = PBXFileReference; fileEncoding = 4; lastKnownFileType = sourcecode.c.h; path = DivisionalSalesModel.h; sourceTree = "<group>"; };
		EB790EB8192106C5004E6FB2 /* DivisionalSalesModel.m */ = {isa = PBXFileReference; fileEncoding = 4; lastKnownFileType = sourcecode.c.objc; path = DivisionalSalesModel.m; sourceTree = "<group>"; };
		EB790EBA19210BE8004E6FB2 /* DivisionalData.h */ = {isa = PBXFileReference; fileEncoding = 4; lastKnownFileType = sourcecode.c.h; path = DivisionalData.h; sourceTree = "<group>"; };
		EB790EBB19210BE8004E6FB2 /* DivisionalData.m */ = {isa = PBXFileReference; fileEncoding = 4; lastKnownFileType = sourcecode.c.objc; path = DivisionalData.m; sourceTree = "<group>"; };
		EBA5CB38191BBE5B00CC7382 /* Nexus Sales.app */ = {isa = PBXFileReference; explicitFileType = wrapper.application; includeInIndex = 0; path = "Nexus Sales.app"; sourceTree = BUILT_PRODUCTS_DIR; };
		EBA5CB3B191BBE5B00CC7382 /* Foundation.framework */ = {isa = PBXFileReference; lastKnownFileType = wrapper.framework; name = Foundation.framework; path = System/Library/Frameworks/Foundation.framework; sourceTree = SDKROOT; };
		EBA5CB3D191BBE5B00CC7382 /* CoreGraphics.framework */ = {isa = PBXFileReference; lastKnownFileType = wrapper.framework; name = CoreGraphics.framework; path = System/Library/Frameworks/CoreGraphics.framework; sourceTree = SDKROOT; };
		EBA5CB3F191BBE5B00CC7382 /* UIKit.framework */ = {isa = PBXFileReference; lastKnownFileType = wrapper.framework; name = UIKit.framework; path = System/Library/Frameworks/UIKit.framework; sourceTree = SDKROOT; };
		EBA5CB43191BBE5B00CC7382 /* NexusSales-Info.plist */ = {isa = PBXFileReference; lastKnownFileType = text.plist.xml; path = "NexusSales-Info.plist"; sourceTree = "<group>"; };
		EBA5CB45191BBE5B00CC7382 /* en */ = {isa = PBXFileReference; lastKnownFileType = text.plist.strings; name = en; path = en.lproj/InfoPlist.strings; sourceTree = "<group>"; };
		EBA5CB47191BBE5B00CC7382 /* main.m */ = {isa = PBXFileReference; lastKnownFileType = sourcecode.c.objc; path = main.m; sourceTree = "<group>"; };
		EBA5CB49191BBE5B00CC7382 /* NexusSales-Prefix.pch */ = {isa = PBXFileReference; lastKnownFileType = sourcecode.c.h; path = "NexusSales-Prefix.pch"; sourceTree = "<group>"; };
		EBA5CB4A191BBE5B00CC7382 /* AppDelegate.h */ = {isa = PBXFileReference; lastKnownFileType = sourcecode.c.h; path = AppDelegate.h; sourceTree = "<group>"; };
		EBA5CB4B191BBE5B00CC7382 /* AppDelegate.m */ = {isa = PBXFileReference; lastKnownFileType = sourcecode.c.objc; path = AppDelegate.m; sourceTree = "<group>"; };
		EBA5CB4D191BBE5B00CC7382 /* Images.xcassets */ = {isa = PBXFileReference; lastKnownFileType = folder.assetcatalog; path = Images.xcassets; sourceTree = "<group>"; };
		EBA5CB53191BBE5B00CC7382 /* NexusSalesTests.xctest */ = {isa = PBXFileReference; explicitFileType = wrapper.cfbundle; includeInIndex = 0; path = NexusSalesTests.xctest; sourceTree = BUILT_PRODUCTS_DIR; };
		EBA5CB54191BBE5B00CC7382 /* XCTest.framework */ = {isa = PBXFileReference; lastKnownFileType = wrapper.framework; name = XCTest.framework; path = Library/Frameworks/XCTest.framework; sourceTree = DEVELOPER_DIR; };
		EBA5CB5C191BBE5B00CC7382 /* NexusSalesTests-Info.plist */ = {isa = PBXFileReference; lastKnownFileType = text.plist.xml; path = "NexusSalesTests-Info.plist"; sourceTree = "<group>"; };
		EBA5CB5E191BBE5B00CC7382 /* en */ = {isa = PBXFileReference; lastKnownFileType = text.plist.strings; name = en; path = en.lproj/InfoPlist.strings; sourceTree = "<group>"; };
		EBA5CB60191BBE5B00CC7382 /* NexusSalesTests.m */ = {isa = PBXFileReference; lastKnownFileType = sourcecode.c.objc; path = NexusSalesTests.m; sourceTree = "<group>"; };
		EBA5CB6F191BBF6600CC7382 /* iphone_interface.storyboard */ = {isa = PBXFileReference; fileEncoding = 4; lastKnownFileType = file.storyboard; path = iphone_interface.storyboard; sourceTree = "<group>"; };
		EBA5CB71191BDC6F00CC7382 /* SplashViewController.h */ = {isa = PBXFileReference; fileEncoding = 4; lastKnownFileType = sourcecode.c.h; path = SplashViewController.h; sourceTree = "<group>"; };
		EBA5CB72191BDC6F00CC7382 /* SplashViewController.m */ = {isa = PBXFileReference; fileEncoding = 4; lastKnownFileType = sourcecode.c.objc; path = SplashViewController.m; sourceTree = "<group>"; };
		EBA5F1CA1923AAAF00E875B5 /* JBBarChartView.h */ = {isa = PBXFileReference; fileEncoding = 4; lastKnownFileType = sourcecode.c.h; path = JBBarChartView.h; sourceTree = "<group>"; };
		EBA5F1CB1923AAAF00E875B5 /* JBBarChartView.m */ = {isa = PBXFileReference; fileEncoding = 4; lastKnownFileType = sourcecode.c.objc; path = JBBarChartView.m; sourceTree = "<group>"; };
		EBA5F1CC1923AAAF00E875B5 /* JBChartView.h */ = {isa = PBXFileReference; fileEncoding = 4; lastKnownFileType = sourcecode.c.h; path = JBChartView.h; sourceTree = "<group>"; };
		EBA5F1CD1923AAAF00E875B5 /* JBChartView.m */ = {isa = PBXFileReference; fileEncoding = 4; lastKnownFileType = sourcecode.c.objc; path = JBChartView.m; sourceTree = "<group>"; };
		EBA5F1CE1923AAAF00E875B5 /* JBLineChartView.h */ = {isa = PBXFileReference; fileEncoding = 4; lastKnownFileType = sourcecode.c.h; path = JBLineChartView.h; sourceTree = "<group>"; };
		EBA5F1CF1923AAAF00E875B5 /* JBLineChartView.m */ = {isa = PBXFileReference; fileEncoding = 4; lastKnownFileType = sourcecode.c.objc; path = JBLineChartView.m; sourceTree = "<group>"; };
		EBA5F1D41923C23300E875B5 /* ChartTooltip.h */ = {isa = PBXFileReference; fileEncoding = 4; lastKnownFileType = sourcecode.c.h; path = ChartTooltip.h; sourceTree = "<group>"; };
		EBA5F1D51923C23300E875B5 /* ChartTooltip.m */ = {isa = PBXFileReference; fileEncoding = 4; lastKnownFileType = sourcecode.c.objc; path = ChartTooltip.m; sourceTree = "<group>"; };
		EBA5F1D71923C4DA00E875B5 /* ChartTooltipLabel.h */ = {isa = PBXFileReference; fileEncoding = 4; lastKnownFileType = sourcecode.c.h; path = ChartTooltipLabel.h; sourceTree = "<group>"; };
		EBA5F1D81923C4DA00E875B5 /* ChartTooltipLabel.m */ = {isa = PBXFileReference; fileEncoding = 4; lastKnownFileType = sourcecode.c.objc; path = ChartTooltipLabel.m; sourceTree = "<group>"; };
		EBCB7570192390B10042230D /* SalesDetailViewController.h */ = {isa = PBXFileReference; fileEncoding = 4; lastKnownFileType = sourcecode.c.h; path = SalesDetailViewController.h; sourceTree = "<group>"; };
		EBCB7571192390B10042230D /* SalesDetailViewController.m */ = {isa = PBXFileReference; fileEncoding = 4; lastKnownFileType = sourcecode.c.objc; path = SalesDetailViewController.m; sourceTree = "<group>"; };
		EBED688B1922450A00BA140C /* DataFetchProtocol.h */ = {isa = PBXFileReference; lastKnownFileType = sourcecode.c.h; path = DataFetchProtocol.h; sourceTree = "<group>"; };
		EBED688C19224D5000BA140C /* CategorySalesModel.h */ = {isa = PBXFileReference; fileEncoding = 4; lastKnownFileType = sourcecode.c.h; path = CategorySalesModel.h; sourceTree = "<group>"; };
		EBED688D19224D5000BA140C /* CategorySalesModel.m */ = {isa = PBXFileReference; fileEncoding = 4; lastKnownFileType = sourcecode.c.objc; path = CategorySalesModel.m; sourceTree = "<group>"; };
		EBED688F1922590000BA140C /* CategoryData.h */ = {isa = PBXFileReference; fileEncoding = 4; lastKnownFileType = sourcecode.c.h; path = CategoryData.h; sourceTree = "<group>"; };
		EBED68901922590000BA140C /* CategoryData.m */ = {isa = PBXFileReference; fileEncoding = 4; lastKnownFileType = sourcecode.c.objc; path = CategoryData.m; sourceTree = "<group>"; };
		EBED68941922673100BA140C /* DivisionalSalesCell.h */ = {isa = PBXFileReference; fileEncoding = 4; lastKnownFileType = sourcecode.c.h; path = DivisionalSalesCell.h; sourceTree = "<group>"; };
		EBED68951922673100BA140C /* DivisionalSalesCell.m */ = {isa = PBXFileReference; fileEncoding = 4; lastKnownFileType = sourcecode.c.objc; path = DivisionalSalesCell.m; sourceTree = "<group>"; };
		EBED68961922673100BA140C /* DivisionalSalesCell.xib */ = {isa = PBXFileReference; fileEncoding = 4; lastKnownFileType = file.xib; path = DivisionalSalesCell.xib; sourceTree = "<group>"; };
/* End PBXFileReference section */

/* Begin PBXFrameworksBuildPhase section */
		EBA5CB35191BBE5B00CC7382 /* Frameworks */ = {
			isa = PBXFrameworksBuildPhase;
			buildActionMask = 2147483647;
			files = (
				EBA5CB3E191BBE5B00CC7382 /* CoreGraphics.framework in Frameworks */,
				EBA5CB40191BBE5B00CC7382 /* UIKit.framework in Frameworks */,
				EBA5CB3C191BBE5B00CC7382 /* Foundation.framework in Frameworks */,
			);
			runOnlyForDeploymentPostprocessing = 0;
		};
		EBA5CB50191BBE5B00CC7382 /* Frameworks */ = {
			isa = PBXFrameworksBuildPhase;
			buildActionMask = 2147483647;
			files = (
				EBA5CB55191BBE5B00CC7382 /* XCTest.framework in Frameworks */,
				EBA5CB57191BBE5B00CC7382 /* UIKit.framework in Frameworks */,
				EBA5CB56191BBE5B00CC7382 /* Foundation.framework in Frameworks */,
			);
			runOnlyForDeploymentPostprocessing = 0;
		};
/* End PBXFrameworksBuildPhase section */

/* Begin PBXGroup section */
		EBA5CB2F191BBE5B00CC7382 = {
			isa = PBXGroup;
			children = (
				EBA5CB41191BBE5B00CC7382 /* NexusSales */,
				EBA5CB5A191BBE5B00CC7382 /* NexusSalesTests */,
				EBA5CB3A191BBE5B00CC7382 /* Frameworks */,
				EBA5CB39191BBE5B00CC7382 /* Products */,
			);
			sourceTree = "<group>";
		};
		EBA5CB39191BBE5B00CC7382 /* Products */ = {
			isa = PBXGroup;
			children = (
				EBA5CB38191BBE5B00CC7382 /* Nexus Sales.app */,
				EBA5CB53191BBE5B00CC7382 /* NexusSalesTests.xctest */,
			);
			name = Products;
			sourceTree = "<group>";
		};
		EBA5CB3A191BBE5B00CC7382 /* Frameworks */ = {
			isa = PBXGroup;
			children = (
				EBA5CB3B191BBE5B00CC7382 /* Foundation.framework */,
				EBA5CB3D191BBE5B00CC7382 /* CoreGraphics.framework */,
				EBA5CB3F191BBE5B00CC7382 /* UIKit.framework */,
				EBA5CB54191BBE5B00CC7382 /* XCTest.framework */,
			);
			name = Frameworks;
			sourceTree = "<group>";
		};
		EBA5CB41191BBE5B00CC7382 /* NexusSales */ = {
			isa = PBXGroup;
			children = (
				EBA5F1D31923C21500E875B5 /* Utilities */,
				EBA5F1C81923AA8A00E875B5 /* Libraries */,
				EBA5CB6C191BBE7100CC7382 /* Controller */,
				EBA5CB6B191BBE6E00CC7382 /* View */,
				EBA5CB6A191BBE6A00CC7382 /* Model */,
				EBA5CB4A191BBE5B00CC7382 /* AppDelegate.h */,
				EBA5CB4B191BBE5B00CC7382 /* AppDelegate.m */,
				EBA5CB4D191BBE5B00CC7382 /* Images.xcassets */,
				EBA5CB42191BBE5B00CC7382 /* Supporting Files */,
			);
			path = NexusSales;
			sourceTree = "<group>";
		};
		EBA5CB42191BBE5B00CC7382 /* Supporting Files */ = {
			isa = PBXGroup;
			children = (
				EBA5CB43191BBE5B00CC7382 /* NexusSales-Info.plist */,
				EBA5CB44191BBE5B00CC7382 /* InfoPlist.strings */,
				EBA5CB47191BBE5B00CC7382 /* main.m */,
				EBA5CB49191BBE5B00CC7382 /* NexusSales-Prefix.pch */,
			);
			name = "Supporting Files";
			sourceTree = "<group>";
		};
		EBA5CB5A191BBE5B00CC7382 /* NexusSalesTests */ = {
			isa = PBXGroup;
			children = (
				EBA5CB60191BBE5B00CC7382 /* NexusSalesTests.m */,
				EBA5CB5B191BBE5B00CC7382 /* Supporting Files */,
			);
			path = NexusSalesTests;
			sourceTree = "<group>";
		};
		EBA5CB5B191BBE5B00CC7382 /* Supporting Files */ = {
			isa = PBXGroup;
			children = (
				EBA5CB5C191BBE5B00CC7382 /* NexusSalesTests-Info.plist */,
				EBA5CB5D191BBE5B00CC7382 /* InfoPlist.strings */,
			);
			name = "Supporting Files";
			sourceTree = "<group>";
		};
		EBA5CB6A191BBE6A00CC7382 /* Model */ = {
			isa = PBXGroup;
			children = (
				EB790EB7192106C5004E6FB2 /* DivisionalSalesModel.h */,
				EB790EB8192106C5004E6FB2 /* DivisionalSalesModel.m */,
				EB790EBA19210BE8004E6FB2 /* DivisionalData.h */,
				EB790EBB19210BE8004E6FB2 /* DivisionalData.m */,
				EBED688B1922450A00BA140C /* DataFetchProtocol.h */,
				EBED688C19224D5000BA140C /* CategorySalesModel.h */,
				EBED688D19224D5000BA140C /* CategorySalesModel.m */,
				EBED688F1922590000BA140C /* CategoryData.h */,
				EBED68901922590000BA140C /* CategoryData.m */,
			);
			name = Model;
			sourceTree = "<group>";
		};
		EBA5CB6B191BBE6E00CC7382 /* View */ = {
			isa = PBXGroup;
			children = (
				EBCB756A192371DB0042230D /* Cells */,
				EBA5CB6F191BBF6600CC7382 /* iphone_interface.storyboard */,
				EB1F9417192633E500A1D775 /* ipad_interface.storyboard */,
			);
			name = View;
			sourceTree = "<group>";
		};
		EBA5CB6C191BBE7100CC7382 /* Controller */ = {
			isa = PBXGroup;
			children = (
				EBA5CB71191BDC6F00CC7382 /* SplashViewController.h */,
				EBA5CB72191BDC6F00CC7382 /* SplashViewController.m */,
				EB790EB11920DB64004E6FB2 /* SalesViewController.h */,
				EB790EB21920DB64004E6FB2 /* SalesViewController.m */,
				EB790EB41920DB6E004E6FB2 /* CategoryViewController.h */,
				EB790EB51920DB6E004E6FB2 /* CategoryViewController.m */,
				EBCB7570192390B10042230D /* SalesDetailViewController.h */,
				EBCB7571192390B10042230D /* SalesDetailViewController.m */,
			);
			name = Controller;
			sourceTree = "<group>";
		};
		EBA5F1C81923AA8A00E875B5 /* Libraries */ = {
			isa = PBXGroup;
			children = (
				EBA5F1C91923AAAF00E875B5 /* JBChartView */,
			);
			name = Libraries;
			sourceTree = "<group>";
		};
		EBA5F1C91923AAAF00E875B5 /* JBChartView */ = {
			isa = PBXGroup;
			children = (
				EBA5F1CA1923AAAF00E875B5 /* JBBarChartView.h */,
				EBA5F1CB1923AAAF00E875B5 /* JBBarChartView.m */,
				EBA5F1CC1923AAAF00E875B5 /* JBChartView.h */,
				EBA5F1CD1923AAAF00E875B5 /* JBChartView.m */,
				EBA5F1CE1923AAAF00E875B5 /* JBLineChartView.h */,
				EBA5F1CF1923AAAF00E875B5 /* JBLineChartView.m */,
			);
			path = JBChartView;
			sourceTree = "<group>";
		};
		EBA5F1D31923C21500E875B5 /* Utilities */ = {
			isa = PBXGroup;
			children = (
				EBA5F1D41923C23300E875B5 /* ChartTooltip.h */,
				EBA5F1D51923C23300E875B5 /* ChartTooltip.m */,
				EBA5F1D71923C4DA00E875B5 /* ChartTooltipLabel.h */,
				EBA5F1D81923C4DA00E875B5 /* ChartTooltipLabel.m */,
				EB48170419251AB9007C0410 /* InformationLabel.h */,
				EB48170519251AB9007C0410 /* InformationLabel.m */,
			);
			name = Utilities;
			sourceTree = "<group>";
		};
		EBCB756A192371DB0042230D /* Cells */ = {
			isa = PBXGroup;
			children = (
				EBED68941922673100BA140C /* DivisionalSalesCell.h */,
				EBED68951922673100BA140C /* DivisionalSalesCell.m */,
				EBED68961922673100BA140C /* DivisionalSalesCell.xib */,
			);
			name = Cells;
			sourceTree = "<group>";
		};
/* End PBXGroup section */

/* Begin PBXNativeTarget section */
		EBA5CB37191BBE5B00CC7382 /* NexusSales */ = {
			isa = PBXNativeTarget;
			buildConfigurationList = EBA5CB64191BBE5B00CC7382 /* Build configuration list for PBXNativeTarget "NexusSales" */;
			buildPhases = (
				EBA5CB34191BBE5B00CC7382 /* Sources */,
				EBA5CB35191BBE5B00CC7382 /* Frameworks */,
				EBA5CB36191BBE5B00CC7382 /* Resources */,
			);
			buildRules = (
			);
			dependencies = (
			);
			name = NexusSales;
			productName = NexusSales;
			productReference = EBA5CB38191BBE5B00CC7382 /* Nexus Sales.app */;
			productType = "com.apple.product-type.application";
		};
		EBA5CB52191BBE5B00CC7382 /* NexusSalesTests */ = {
			isa = PBXNativeTarget;
			buildConfigurationList = EBA5CB67191BBE5B00CC7382 /* Build configuration list for PBXNativeTarget "NexusSalesTests" */;
			buildPhases = (
				EBA5CB4F191BBE5B00CC7382 /* Sources */,
				EBA5CB50191BBE5B00CC7382 /* Frameworks */,
				EBA5CB51191BBE5B00CC7382 /* Resources */,
			);
			buildRules = (
			);
			dependencies = (
				EBA5CB59191BBE5B00CC7382 /* PBXTargetDependency */,
			);
			name = NexusSalesTests;
			productName = NexusSalesTests;
			productReference = EBA5CB53191BBE5B00CC7382 /* NexusSalesTests.xctest */;
			productType = "com.apple.product-type.bundle.unit-test";
		};
/* End PBXNativeTarget section */

/* Begin PBXProject section */
		EBA5CB30191BBE5B00CC7382 /* Project object */ = {
			isa = PBXProject;
			attributes = {
				LastUpgradeCheck = 0510;
				ORGANIZATIONNAME = "Nexus Industries";
				TargetAttributes = {
					EBA5CB37191BBE5B00CC7382 = {
						DevelopmentTeam = L96KPFN887;
					};
					EBA5CB52191BBE5B00CC7382 = {
						TestTargetID = EBA5CB37191BBE5B00CC7382;
					};
				};
			};
			buildConfigurationList = EBA5CB33191BBE5B00CC7382 /* Build configuration list for PBXProject "NexusSales" */;
			compatibilityVersion = "Xcode 3.2";
			developmentRegion = English;
			hasScannedForEncodings = 0;
			knownRegions = (
				en,
			);
			mainGroup = EBA5CB2F191BBE5B00CC7382;
			productRefGroup = EBA5CB39191BBE5B00CC7382 /* Products */;
			projectDirPath = "";
			projectRoot = "";
			targets = (
				EBA5CB37191BBE5B00CC7382 /* NexusSales */,
				EBA5CB52191BBE5B00CC7382 /* NexusSalesTests */,
			);
		};
/* End PBXProject section */

/* Begin PBXResourcesBuildPhase section */
		EBA5CB36191BBE5B00CC7382 /* Resources */ = {
			isa = PBXResourcesBuildPhase;
			buildActionMask = 2147483647;
			files = (
				EBA5CB46191BBE5B00CC7382 /* InfoPlist.strings in Resources */,
				EBA5CB70191BBF6600CC7382 /* iphone_interface.storyboard in Resources */,
				EBED68981922673100BA140C /* DivisionalSalesCell.xib in Resources */,
				EB1F9418192633E500A1D775 /* ipad_interface.storyboard in Resources */,
				EBA5CB4E191BBE5B00CC7382 /* Images.xcassets in Resources */,
			);
			runOnlyForDeploymentPostprocessing = 0;
		};
		EBA5CB51191BBE5B00CC7382 /* Resources */ = {
			isa = PBXResourcesBuildPhase;
			buildActionMask = 2147483647;
			files = (
				EBA5CB5F191BBE5B00CC7382 /* InfoPlist.strings in Resources */,
			);
			runOnlyForDeploymentPostprocessing = 0;
		};
/* End PBXResourcesBuildPhase section */

/* Begin PBXSourcesBuildPhase section */
		EBA5CB34191BBE5B00CC7382 /* Sources */ = {
			isa = PBXSourcesBuildPhase;
			buildActionMask = 2147483647;
			files = (
				EBCB7572192390B10042230D /* SalesDetailViewController.m in Sources */,
				EB790EB9192106C5004E6FB2 /* DivisionalSalesModel.m in Sources */,
				EBED68911922590000BA140C /* CategoryData.m in Sources */,
				EB790EBC19210BE8004E6FB2 /* DivisionalData.m in Sources */,
				EB48170619251AB9007C0410 /* InformationLabel.m in Sources */,
				EBA5CB4C191BBE5B00CC7382 /* AppDelegate.m in Sources */,
				EBA5F1D11923AAAF00E875B5 /* JBChartView.m in Sources */,
				EBED68971922673100BA140C /* DivisionalSalesCell.m in Sources */,
				EB790EB61920DB6E004E6FB2 /* CategoryViewController.m in Sources */,
				EBA5CB48191BBE5B00CC7382 /* main.m in Sources */,
				EBA5F1D21923AAAF00E875B5 /* JBLineChartView.m in Sources */,
				EBA5CB73191BDC6F00CC7382 /* SplashViewController.m in Sources */,
				EBA5F1D91923C4DA00E875B5 /* ChartTooltipLabel.m in Sources */,
				EBA5F1D01923AAAF00E875B5 /* JBBarChartView.m in Sources */,
				EBED688E19224D5000BA140C /* CategorySalesModel.m in Sources */,
				EB790EB31920DB64004E6FB2 /* SalesViewController.m in Sources */,
				EBA5F1D61923C23300E875B5 /* ChartTooltip.m in Sources */,
			);
			runOnlyForDeploymentPostprocessing = 0;
		};
		EBA5CB4F191BBE5B00CC7382 /* Sources */ = {
			isa = PBXSourcesBuildPhase;
			buildActionMask = 2147483647;
			files = (
				EBA5CB61191BBE5B00CC7382 /* NexusSalesTests.m in Sources */,
			);
			runOnlyForDeploymentPostprocessing = 0;
		};
/* End PBXSourcesBuildPhase section */

/* Begin PBXTargetDependency section */
		EBA5CB59191BBE5B00CC7382 /* PBXTargetDependency */ = {
			isa = PBXTargetDependency;
			target = EBA5CB37191BBE5B00CC7382 /* NexusSales */;
			targetProxy = EBA5CB58191BBE5B00CC7382 /* PBXContainerItemProxy */;
		};
/* End PBXTargetDependency section */

/* Begin PBXVariantGroup section */
		EBA5CB44191BBE5B00CC7382 /* InfoPlist.strings */ = {
			isa = PBXVariantGroup;
			children = (
				EBA5CB45191BBE5B00CC7382 /* en */,
			);
			name = InfoPlist.strings;
			sourceTree = "<group>";
		};
		EBA5CB5D191BBE5B00CC7382 /* InfoPlist.strings */ = {
			isa = PBXVariantGroup;
			children = (
				EBA5CB5E191BBE5B00CC7382 /* en */,
			);
			name = InfoPlist.strings;
			sourceTree = "<group>";
		};
/* End PBXVariantGroup section */

/* Begin XCBuildConfiguration section */
		EBA5CB62191BBE5B00CC7382 /* Debug */ = {
			isa = XCBuildConfiguration;
			buildSettings = {
				ALWAYS_SEARCH_USER_PATHS = NO;
				CLANG_CXX_LANGUAGE_STANDARD = "gnu++0x";
				CLANG_CXX_LIBRARY = "libc++";
				CLANG_ENABLE_MODULES = YES;
				CLANG_ENABLE_OBJC_ARC = YES;
				CLANG_WARN_BOOL_CONVERSION = YES;
				CLANG_WARN_CONSTANT_CONVERSION = YES;
				CLANG_WARN_DIRECT_OBJC_ISA_USAGE = YES_ERROR;
				CLANG_WARN_EMPTY_BODY = YES;
				CLANG_WARN_ENUM_CONVERSION = YES;
				CLANG_WARN_INT_CONVERSION = YES;
				CLANG_WARN_OBJC_ROOT_CLASS = YES_ERROR;
				CLANG_WARN__DUPLICATE_METHOD_MATCH = YES;
				"CODE_SIGN_IDENTITY[sdk=iphoneos*]" = "iPhone Developer";
				COPY_PHASE_STRIP = NO;
				GCC_C_LANGUAGE_STANDARD = gnu99;
				GCC_DYNAMIC_NO_PIC = NO;
				GCC_OPTIMIZATION_LEVEL = 0;
				GCC_PREPROCESSOR_DEFINITIONS = (
					"DEBUG=1",
					"$(inherited)",
				);
				GCC_SYMBOLS_PRIVATE_EXTERN = NO;
				GCC_WARN_64_TO_32_BIT_CONVERSION = YES;
				GCC_WARN_ABOUT_RETURN_TYPE = YES_ERROR;
				GCC_WARN_UNDECLARED_SELECTOR = YES;
				GCC_WARN_UNINITIALIZED_AUTOS = YES_AGGRESSIVE;
				GCC_WARN_UNUSED_FUNCTION = YES;
				GCC_WARN_UNUSED_VARIABLE = YES;
				IPHONEOS_DEPLOYMENT_TARGET = 7.1;
				ONLY_ACTIVE_ARCH = YES;
				PRODUCT_NAME = "Nexus Sales";
				SDKROOT = iphoneos;
				TARGETED_DEVICE_FAMILY = "1,2";
			};
			name = Debug;
		};
		EBA5CB63191BBE5B00CC7382 /* Release */ = {
			isa = XCBuildConfiguration;
			buildSettings = {
				ALWAYS_SEARCH_USER_PATHS = NO;
				CLANG_CXX_LANGUAGE_STANDARD = "gnu++0x";
				CLANG_CXX_LIBRARY = "libc++";
				CLANG_ENABLE_MODULES = YES;
				CLANG_ENABLE_OBJC_ARC = YES;
				CLANG_WARN_BOOL_CONVERSION = YES;
				CLANG_WARN_CONSTANT_CONVERSION = YES;
				CLANG_WARN_DIRECT_OBJC_ISA_USAGE = YES_ERROR;
				CLANG_WARN_EMPTY_BODY = YES;
				CLANG_WARN_ENUM_CONVERSION = YES;
				CLANG_WARN_INT_CONVERSION = YES;
				CLANG_WARN_OBJC_ROOT_CLASS = YES_ERROR;
				CLANG_WARN__DUPLICATE_METHOD_MATCH = YES;
				"CODE_SIGN_IDENTITY[sdk=iphoneos*]" = "iPhone Developer";
				COPY_PHASE_STRIP = YES;
				ENABLE_NS_ASSERTIONS = NO;
				GCC_C_LANGUAGE_STANDARD = gnu99;
				GCC_WARN_64_TO_32_BIT_CONVERSION = YES;
				GCC_WARN_ABOUT_RETURN_TYPE = YES_ERROR;
				GCC_WARN_UNDECLARED_SELECTOR = YES;
				GCC_WARN_UNINITIALIZED_AUTOS = YES_AGGRESSIVE;
				GCC_WARN_UNUSED_FUNCTION = YES;
				GCC_WARN_UNUSED_VARIABLE = YES;
				IPHONEOS_DEPLOYMENT_TARGET = 7.1;
				PRODUCT_NAME = "Nexus Sales";
				SDKROOT = iphoneos;
				TARGETED_DEVICE_FAMILY = "1,2";
				VALIDATE_PRODUCT = YES;
			};
			name = Release;
		};
		EBA5CB65191BBE5B00CC7382 /* Debug */ = {
			isa = XCBuildConfiguration;
			buildSettings = {
				ASSETCATALOG_COMPILER_APPICON_NAME = AppIcon;
				ASSETCATALOG_COMPILER_LAUNCHIMAGE_NAME = LaunchImage;
				CODE_SIGN_IDENTITY = "iPhone Developer";
				"CODE_SIGN_IDENTITY[sdk=iphoneos*]" = "iPhone Developer";
				GCC_PRECOMPILE_PREFIX_HEADER = YES;
				GCC_PREFIX_HEADER = "NexusSales/NexusSales-Prefix.pch";
				INFOPLIST_FILE = "NexusSales/NexusSales-Info.plist";
				PRODUCT_NAME = "Nexus Sales";
				PROVISIONING_PROFILE = "";
				WRAPPER_EXTENSION = app;
			};
			name = Debug;
		};
		EBA5CB66191BBE5B00CC7382 /* Release */ = {
			isa = XCBuildConfiguration;
			buildSettings = {
				ASSETCATALOG_COMPILER_APPICON_NAME = AppIcon;
				ASSETCATALOG_COMPILER_LAUNCHIMAGE_NAME = LaunchImage;
				CODE_SIGN_IDENTITY = "iPhone Developer";
				"CODE_SIGN_IDENTITY[sdk=iphoneos*]" = "iPhone Developer";
				GCC_PRECOMPILE_PREFIX_HEADER = YES;
				GCC_PREFIX_HEADER = "NexusSales/NexusSales-Prefix.pch";
				INFOPLIST_FILE = "NexusSales/NexusSales-Info.plist";
				PRODUCT_NAME = "Nexus Sales";
				PROVISIONING_PROFILE = "";
				WRAPPER_EXTENSION = app;
			};
			name = Release;
		};
		EBA5CB68191BBE5B00CC7382 /* Debug */ = {
			isa = XCBuildConfiguration;
			buildSettings = {
				BUNDLE_LOADER = "$(BUILT_PRODUCTS_DIR)/NexusSales.app/NexusSales";
				FRAMEWORK_SEARCH_PATHS = (
					"$(SDKROOT)/Developer/Library/Frameworks",
					"$(inherited)",
					"$(DEVELOPER_FRAMEWORKS_DIR)",
				);
				GCC_PRECOMPILE_PREFIX_HEADER = YES;
				GCC_PREFIX_HEADER = "NexusSales/NexusSales-Prefix.pch";
				GCC_PREPROCESSOR_DEFINITIONS = (
					"DEBUG=1",
					"$(inherited)",
				);
				INFOPLIST_FILE = "NexusSalesTests/NexusSalesTests-Info.plist";
				PRODUCT_NAME = "$(TARGET_NAME)";
				TEST_HOST = "$(BUNDLE_LOADER)";
				WRAPPER_EXTENSION = xctest;
			};
			name = Debug;
		};
		EBA5CB69191BBE5B00CC7382 /* Release */ = {
			isa = XCBuildConfiguration;
			buildSettings = {
				BUNDLE_LOADER = "$(BUILT_PRODUCTS_DIR)/NexusSales.app/NexusSales";
				FRAMEWORK_SEARCH_PATHS = (
					"$(SDKROOT)/Developer/Library/Frameworks",
					"$(inherited)",
					"$(DEVELOPER_FRAMEWORKS_DIR)",
				);
				GCC_PRECOMPILE_PREFIX_HEADER = YES;
				GCC_PREFIX_HEADER = "NexusSales/NexusSales-Prefix.pch";
				INFOPLIST_FILE = "NexusSalesTests/NexusSalesTests-Info.plist";
				PRODUCT_NAME = "$(TARGET_NAME)";
				TEST_HOST = "$(BUNDLE_LOADER)";
				WRAPPER_EXTENSION = xctest;
			};
			name = Release;
		};
/* End XCBuildConfiguration section */

/* Begin XCConfigurationList section */
		EBA5CB33191BBE5B00CC7382 /* Build configuration list for PBXProject "NexusSales" */ = {
			isa = XCConfigurationList;
			buildConfigurations = (
				EBA5CB62191BBE5B00CC7382 /* Debug */,
				EBA5CB63191BBE5B00CC7382 /* Release */,
			);
			defaultConfigurationIsVisible = 0;
			defaultConfigurationName = Release;
		};
		EBA5CB64191BBE5B00CC7382 /* Build configuration list for PBXNativeTarget "NexusSales" */ = {
			isa = XCConfigurationList;
			buildConfigurations = (
				EBA5CB65191BBE5B00CC7382 /* Debug */,
				EBA5CB66191BBE5B00CC7382 /* Release */,
			);
			defaultConfigurationIsVisible = 0;
			defaultConfigurationName = Release;
		};
		EBA5CB67191BBE5B00CC7382 /* Build configuration list for PBXNativeTarget "NexusSalesTests" */ = {
			isa = XCConfigurationList;
			buildConfigurations = (
				EBA5CB68191BBE5B00CC7382 /* Debug */,
				EBA5CB69191BBE5B00CC7382 /* Release */,
			);
			defaultConfigurationIsVisible = 0;
			defaultConfigurationName = Release;
		};
/* End XCConfigurationList section */
	};
	rootObject = EBA5CB30191BBE5B00CC7382 /* Project object */;
}
